
Microsoft Visual Studio Solution File, Format Version 12.00
# Visual Studio Version 17
VisualStudioVersion = 17.7.34003.232
MinimumVisualStudioVersion = 10.0.40219.1
Project("{FAE04EC0-301F-11D3-BF4B-00C04F79EFBC}") = "Boelle bank", "Boelle bank.csproj", "{297444D9-A27D-4C12-814F-0557BAA95C42}"
EndProject
Global
	GlobalSection(SolutionConfigurationPlatforms) = preSolution
		Debug|Any CPU = Debug|Any CPU
		Release|Any CPU = Release|Any CPU
	EndGlobalSection
	GlobalSection(ProjectConfigurationPlatforms) = postSolution
		{297444D9-A27D-4C12-814F-0557BAA95C42}.Debug|Any CPU.ActiveCfg = Debug|Any CPU
		{297444D9-A27D-4C12-814F-0557BAA95C42}.Debug|Any CPU.Build.0 = Debug|Any CPU
		{297444D9-A27D-4C12-814F-0557BAA95C42}.Release|Any CPU.ActiveCfg = Release|Any CPU
		{297444D9-A27D-4C12-814F-0557BAA95C42}.Release|Any CPU.Build.0 = Release|Any CPU
	EndGlobalSection
	GlobalSection(SolutionProperties) = preSolution
		HideSolutionNode = FALSE
	EndGlobalSection
	GlobalSection(ExtensibilityGlobals) = postSolution
		SolutionGuid = {FBEB18F8-740E-4E6F-BE4D-8EA2B6AE8B6A}
	EndGlobalSection
EndGlobal
